
Microsoft Visual Studio Solution File, Format Version 12.00
# Visual Studio Version 17
VisualStudioVersion = 17.10.35027.167
MinimumVisualStudioVersion = 10.0.40219.1
Project("{2150E333-8FDC-42A3-9474-1A3956D46DE8}") = "Common", "Common", "{543718BB-26E8-4D20-9099-B57E0D6C97A0}"
EndProject
Project("{2150E333-8FDC-42A3-9474-1A3956D46DE8}") = "RedisCache", "RedisCache", "{DD28BE1F-AA65-4297-8FBF-0532A6A565C7}"
EndProject
Project("{2150E333-8FDC-42A3-9474-1A3956D46DE8}") = "Gateway", "Gateway", "{4A3A8ACF-B42C-4A71-8166-047D6C06F3DA}"
EndProject
Project("{2150E333-8FDC-42A3-9474-1A3956D46DE8}") = "Product", "Product", "{93345C66-2838-4990-BE28-3465AD492ADE}"
EndProject
Project("{2150E333-8FDC-42A3-9474-1A3956D46DE8}") = "Order", "Order", "{E896FE74-C0C4-49F3-A952-9C00950788F9}"
EndProject
Project("{2150E333-8FDC-42A3-9474-1A3956D46DE8}") = "Payment", "Payment", "{00F07850-9587-4351-8F28-3EB78C05CDDB}"
EndProject
Project("{9A19103F-16F7-4668-BE54-9A1E7A4F7556}") = "Gateway.API", "Gateway\Gateway.API\Gateway.API.csproj", "{F0D119B8-D1F7-47A5-8C3D-F6E0126E8C67}"
EndProject
Project("{9A19103F-16F7-4668-BE54-9A1E7A4F7556}") = "Core", "Core\Core.csproj", "{C3354297-7B72-422D-B411-5F4AC51C2214}"
EndProject
Project("{9A19103F-16F7-4668-BE54-9A1E7A4F7556}") = "RedisCache.API", "RedisCache\RedisCache.API\RedisCache.API.csproj", "{DEB0BDD0-4080-4FE2-AE21-D067309B8ACA}"
EndProject
Project("{9A19103F-16F7-4668-BE54-9A1E7A4F7556}") = "Product.API", "Product\Product.API\Product.API.csproj", "{2974C7B3-E45A-48CA-85E1-4788F72E4947}"
EndProject
Project("{9A19103F-16F7-4668-BE54-9A1E7A4F7556}") = "Product.Domain", "Product\Product.Domain\Product.Domain.csproj", "{43188044-FD55-4440-B872-92D05FCC5A26}"
EndProject
Project("{9A19103F-16F7-4668-BE54-9A1E7A4F7556}") = "Product.Application", "Product\Product.Application\Product.Application.csproj", "{5616D998-34C7-47E1-BAC1-37A509735DF1}"
EndProject
Project("{9A19103F-16F7-4668-BE54-9A1E7A4F7556}") = "Product.Infrastructure", "Product\Product.Infrastructure\Product.Infrastructure.csproj", "{6B2A2985-2290-4E7C-9CBB-CD96C266552D}"
EndProject
Project("{9A19103F-16F7-4668-BE54-9A1E7A4F7556}") = "Order.API", "Order\Order.API\Order.API.csproj", "{F3222E2F-688F-4713-B8C6-151CA58BAC65}"
EndProject
Project("{9A19103F-16F7-4668-BE54-9A1E7A4F7556}") = "Order.Domain", "Order\Order.Domain\Order.Domain.csproj", "{D14B54D4-857C-444B-B6A6-E12B10855990}"
EndProject
Project("{9A19103F-16F7-4668-BE54-9A1E7A4F7556}") = "Order.Application", "Order\Order.Application\Order.Application.csproj", "{B54D990C-96C0-4396-BFB4-29CDA084143F}"
EndProject
Project("{9A19103F-16F7-4668-BE54-9A1E7A4F7556}") = "Order.Infrastructure", "Order\Order.Infrastructure\Order.Infrastructure.csproj", "{2A848A39-8D1B-4524-9691-B2A26A6CF161}"
EndProject
Project("{2150E333-8FDC-42A3-9474-1A3956D46DE8}") = "Auth", "Auth", "{11467FBF-4ADB-4538-A15C-A4EDC484EBEE}"
EndProject
Project("{9A19103F-16F7-4668-BE54-9A1E7A4F7556}") = "Auth.API", "Auth\Auth.API\Auth.API.csproj", "{7E21DBB0-F6D2-4B30-87C3-99A7642778F5}"
EndProject
Project("{9A19103F-16F7-4668-BE54-9A1E7A4F7556}") = "Auth.Domain", "Auth\Auth.Domain\Auth.Domain.csproj", "{44EED2C2-9F70-4542-96DA-23C5B2247CA8}"
EndProject
Project("{9A19103F-16F7-4668-BE54-9A1E7A4F7556}") = "Auth.Application", "Auth\Auth.Application\Auth.Application.csproj", "{C7B0AF35-FCDB-49C5-AF7C-448CC55BE0E1}"
EndProject
Project("{9A19103F-16F7-4668-BE54-9A1E7A4F7556}") = "Auth.Infrastructure", "Auth\Auth.Infrastructure\Auth.Infrastructure.csproj", "{8129F5DF-57B5-4D6E-A229-31303B9D2D68}"
EndProject
Project("{2150E333-8FDC-42A3-9474-1A3956D46DE8}") = "Customer", "Customer", "{FD11F66F-E3F0-43FD-9B37-FE350EEA9101}"
EndProject
Project("{9A19103F-16F7-4668-BE54-9A1E7A4F7556}") = "Customer.API", "Customer\Customer.API\Customer.API.csproj", "{C4FCFE56-B67D-45A1-BCC6-9D3FD4632F8E}"
EndProject
Project("{9A19103F-16F7-4668-BE54-9A1E7A4F7556}") = "Customer.Domain", "Customer\Customer.Domain\Customer.Domain.csproj", "{35AD1585-1C74-4353-9E7F-9356B5D1EEE3}"
EndProject
Project("{9A19103F-16F7-4668-BE54-9A1E7A4F7556}") = "Customer.Application", "Customer\Customer.Application\Customer.Application.csproj", "{B4EDA82D-5B55-4340-9BEE-B0FD00641C3C}"
EndProject
Project("{9A19103F-16F7-4668-BE54-9A1E7A4F7556}") = "Customer.Infrastructure", "Customer\Customer.Infrastructure\Customer.Infrastructure.csproj", "{449D76D4-DE9B-46C2-8637-0C3F78B8DBE3}"
EndProject
Project("{2150E333-8FDC-42A3-9474-1A3956D46DE8}") = "User", "User", "{E438BCC7-49E1-47CB-AC7E-FEEA8DBCE9CE}"
EndProject
Project("{9A19103F-16F7-4668-BE54-9A1E7A4F7556}") = "User.API", "User\User.API\User.API.csproj", "{A2ED5F7E-9B28-4CAD-8056-C1C4B4FCD71E}"
EndProject
Project("{9A19103F-16F7-4668-BE54-9A1E7A4F7556}") = "User.Domain", "User\User.Domain\User.Domain.csproj", "{79690E0B-BB7A-46C0-ADFF-CEFA54B17847}"
EndProject
Project("{9A19103F-16F7-4668-BE54-9A1E7A4F7556}") = "User.Application", "User\User.Application\User.Application.csproj", "{0B9086BC-94A9-4865-B2C6-7875E89BB8D1}"
EndProject
Project("{9A19103F-16F7-4668-BE54-9A1E7A4F7556}") = "User.Infrastructure", "User\User.Infrastructure\User.Infrastructure.csproj", "{F386A26B-A7D7-447B-842D-C93FA36BF6C8}"
EndProject
Global
	GlobalSection(SolutionConfigurationPlatforms) = preSolution
		Debug|Any CPU = Debug|Any CPU
		Release|Any CPU = Release|Any CPU
	EndGlobalSection
	GlobalSection(ProjectConfigurationPlatforms) = postSolution
		{F0D119B8-D1F7-47A5-8C3D-F6E0126E8C67}.Debug|Any CPU.ActiveCfg = Debug|Any CPU
		{F0D119B8-D1F7-47A5-8C3D-F6E0126E8C67}.Debug|Any CPU.Build.0 = Debug|Any CPU
		{F0D119B8-D1F7-47A5-8C3D-F6E0126E8C67}.Release|Any CPU.ActiveCfg = Release|Any CPU
		{F0D119B8-D1F7-47A5-8C3D-F6E0126E8C67}.Release|Any CPU.Build.0 = Release|Any CPU
		{C3354297-7B72-422D-B411-5F4AC51C2214}.Debug|Any CPU.ActiveCfg = Debug|Any CPU
		{C3354297-7B72-422D-B411-5F4AC51C2214}.Debug|Any CPU.Build.0 = Debug|Any CPU
		{C3354297-7B72-422D-B411-5F4AC51C2214}.Release|Any CPU.ActiveCfg = Release|Any CPU
		{C3354297-7B72-422D-B411-5F4AC51C2214}.Release|Any CPU.Build.0 = Release|Any CPU
		{DEB0BDD0-4080-4FE2-AE21-D067309B8ACA}.Debug|Any CPU.ActiveCfg = Debug|Any CPU
		{DEB0BDD0-4080-4FE2-AE21-D067309B8ACA}.Debug|Any CPU.Build.0 = Debug|Any CPU
		{DEB0BDD0-4080-4FE2-AE21-D067309B8ACA}.Release|Any CPU.ActiveCfg = Release|Any CPU
		{DEB0BDD0-4080-4FE2-AE21-D067309B8ACA}.Release|Any CPU.Build.0 = Release|Any CPU
		{2974C7B3-E45A-48CA-85E1-4788F72E4947}.Debug|Any CPU.ActiveCfg = Debug|Any CPU
		{2974C7B3-E45A-48CA-85E1-4788F72E4947}.Debug|Any CPU.Build.0 = Debug|Any CPU
		{2974C7B3-E45A-48CA-85E1-4788F72E4947}.Release|Any CPU.ActiveCfg = Release|Any CPU
		{2974C7B3-E45A-48CA-85E1-4788F72E4947}.Release|Any CPU.Build.0 = Release|Any CPU
		{43188044-FD55-4440-B872-92D05FCC5A26}.Debug|Any CPU.ActiveCfg = Debug|Any CPU
		{43188044-FD55-4440-B872-92D05FCC5A26}.Debug|Any CPU.Build.0 = Debug|Any CPU
		{43188044-FD55-4440-B872-92D05FCC5A26}.Release|Any CPU.ActiveCfg = Release|Any CPU
		{43188044-FD55-4440-B872-92D05FCC5A26}.Release|Any CPU.Build.0 = Release|Any CPU
		{5616D998-34C7-47E1-BAC1-37A509735DF1}.Debug|Any CPU.ActiveCfg = Debug|Any CPU
		{5616D998-34C7-47E1-BAC1-37A509735DF1}.Debug|Any CPU.Build.0 = Debug|Any CPU
		{5616D998-34C7-47E1-BAC1-37A509735DF1}.Release|Any CPU.ActiveCfg = Release|Any CPU
		{5616D998-34C7-47E1-BAC1-37A509735DF1}.Release|Any CPU.Build.0 = Release|Any CPU
		{6B2A2985-2290-4E7C-9CBB-CD96C266552D}.Debug|Any CPU.ActiveCfg = Debug|Any CPU
		{6B2A2985-2290-4E7C-9CBB-CD96C266552D}.Debug|Any CPU.Build.0 = Debug|Any CPU
		{6B2A2985-2290-4E7C-9CBB-CD96C266552D}.Release|Any CPU.ActiveCfg = Release|Any CPU
		{6B2A2985-2290-4E7C-9CBB-CD96C266552D}.Release|Any CPU.Build.0 = Release|Any CPU
		{F3222E2F-688F-4713-B8C6-151CA58BAC65}.Debug|Any CPU.ActiveCfg = Debug|Any CPU
		{F3222E2F-688F-4713-B8C6-151CA58BAC65}.Debug|Any CPU.Build.0 = Debug|Any CPU
		{F3222E2F-688F-4713-B8C6-151CA58BAC65}.Release|Any CPU.ActiveCfg = Release|Any CPU
		{F3222E2F-688F-4713-B8C6-151CA58BAC65}.Release|Any CPU.Build.0 = Release|Any CPU
		{D14B54D4-857C-444B-B6A6-E12B10855990}.Debug|Any CPU.ActiveCfg = Debug|Any CPU
		{D14B54D4-857C-444B-B6A6-E12B10855990}.Debug|Any CPU.Build.0 = Debug|Any CPU
		{D14B54D4-857C-444B-B6A6-E12B10855990}.Release|Any CPU.ActiveCfg = Release|Any CPU
		{D14B54D4-857C-444B-B6A6-E12B10855990}.Release|Any CPU.Build.0 = Release|Any CPU
		{B54D990C-96C0-4396-BFB4-29CDA084143F}.Debug|Any CPU.ActiveCfg = Debug|Any CPU
		{B54D990C-96C0-4396-BFB4-29CDA084143F}.Debug|Any CPU.Build.0 = Debug|Any CPU
		{B54D990C-96C0-4396-BFB4-29CDA084143F}.Release|Any CPU.ActiveCfg = Release|Any CPU
		{B54D990C-96C0-4396-BFB4-29CDA084143F}.Release|Any CPU.Build.0 = Release|Any CPU
		{2A848A39-8D1B-4524-9691-B2A26A6CF161}.Debug|Any CPU.ActiveCfg = Debug|Any CPU
		{2A848A39-8D1B-4524-9691-B2A26A6CF161}.Debug|Any CPU.Build.0 = Debug|Any CPU
		{2A848A39-8D1B-4524-9691-B2A26A6CF161}.Release|Any CPU.ActiveCfg = Release|Any CPU
		{2A848A39-8D1B-4524-9691-B2A26A6CF161}.Release|Any CPU.Build.0 = Release|Any CPU
		{7E21DBB0-F6D2-4B30-87C3-99A7642778F5}.Debug|Any CPU.ActiveCfg = Debug|Any CPU
		{7E21DBB0-F6D2-4B30-87C3-99A7642778F5}.Debug|Any CPU.Build.0 = Debug|Any CPU
		{7E21DBB0-F6D2-4B30-87C3-99A7642778F5}.Release|Any CPU.ActiveCfg = Release|Any CPU
		{7E21DBB0-F6D2-4B30-87C3-99A7642778F5}.Release|Any CPU.Build.0 = Release|Any CPU
		{44EED2C2-9F70-4542-96DA-23C5B2247CA8}.Debug|Any CPU.ActiveCfg = Debug|Any CPU
		{44EED2C2-9F70-4542-96DA-23C5B2247CA8}.Debug|Any CPU.Build.0 = Debug|Any CPU
		{44EED2C2-9F70-4542-96DA-23C5B2247CA8}.Release|Any CPU.ActiveCfg = Release|Any CPU
		{44EED2C2-9F70-4542-96DA-23C5B2247CA8}.Release|Any CPU.Build.0 = Release|Any CPU
		{C7B0AF35-FCDB-49C5-AF7C-448CC55BE0E1}.Debug|Any CPU.ActiveCfg = Debug|Any CPU
		{C7B0AF35-FCDB-49C5-AF7C-448CC55BE0E1}.Debug|Any CPU.Build.0 = Debug|Any CPU
		{C7B0AF35-FCDB-49C5-AF7C-448CC55BE0E1}.Release|Any CPU.ActiveCfg = Release|Any CPU
		{C7B0AF35-FCDB-49C5-AF7C-448CC55BE0E1}.Release|Any CPU.Build.0 = Release|Any CPU
		{8129F5DF-57B5-4D6E-A229-31303B9D2D68}.Debug|Any CPU.ActiveCfg = Debug|Any CPU
		{8129F5DF-57B5-4D6E-A229-31303B9D2D68}.Debug|Any CPU.Build.0 = Debug|Any CPU
		{8129F5DF-57B5-4D6E-A229-31303B9D2D68}.Release|Any CPU.ActiveCfg = Release|Any CPU
		{8129F5DF-57B5-4D6E-A229-31303B9D2D68}.Release|Any CPU.Build.0 = Release|Any CPU
		{C4FCFE56-B67D-45A1-BCC6-9D3FD4632F8E}.Debug|Any CPU.ActiveCfg = Debug|Any CPU
		{C4FCFE56-B67D-45A1-BCC6-9D3FD4632F8E}.Debug|Any CPU.Build.0 = Debug|Any CPU
		{C4FCFE56-B67D-45A1-BCC6-9D3FD4632F8E}.Release|Any CPU.ActiveCfg = Release|Any CPU
		{C4FCFE56-B67D-45A1-BCC6-9D3FD4632F8E}.Release|Any CPU.Build.0 = Release|Any CPU
		{35AD1585-1C74-4353-9E7F-9356B5D1EEE3}.Debug|Any CPU.ActiveCfg = Debug|Any CPU
		{35AD1585-1C74-4353-9E7F-9356B5D1EEE3}.Debug|Any CPU.Build.0 = Debug|Any CPU
		{35AD1585-1C74-4353-9E7F-9356B5D1EEE3}.Release|Any CPU.ActiveCfg = Release|Any CPU
		{35AD1585-1C74-4353-9E7F-9356B5D1EEE3}.Release|Any CPU.Build.0 = Release|Any CPU
		{B4EDA82D-5B55-4340-9BEE-B0FD00641C3C}.Debug|Any CPU.ActiveCfg = Debug|Any CPU
		{B4EDA82D-5B55-4340-9BEE-B0FD00641C3C}.Debug|Any CPU.Build.0 = Debug|Any CPU
		{B4EDA82D-5B55-4340-9BEE-B0FD00641C3C}.Release|Any CPU.ActiveCfg = Release|Any CPU
		{B4EDA82D-5B55-4340-9BEE-B0FD00641C3C}.Release|Any CPU.Build.0 = Release|Any CPU
		{449D76D4-DE9B-46C2-8637-0C3F78B8DBE3}.Debug|Any CPU.ActiveCfg = Debug|Any CPU
		{449D76D4-DE9B-46C2-8637-0C3F78B8DBE3}.Debug|Any CPU.Build.0 = Debug|Any CPU
		{449D76D4-DE9B-46C2-8637-0C3F78B8DBE3}.Release|Any CPU.ActiveCfg = Release|Any CPU
		{449D76D4-DE9B-46C2-8637-0C3F78B8DBE3}.Release|Any CPU.Build.0 = Release|Any CPU
		{A2ED5F7E-9B28-4CAD-8056-C1C4B4FCD71E}.Debug|Any CPU.ActiveCfg = Debug|Any CPU
		{A2ED5F7E-9B28-4CAD-8056-C1C4B4FCD71E}.Debug|Any CPU.Build.0 = Debug|Any CPU
		{A2ED5F7E-9B28-4CAD-8056-C1C4B4FCD71E}.Release|Any CPU.ActiveCfg = Release|Any CPU
		{A2ED5F7E-9B28-4CAD-8056-C1C4B4FCD71E}.Release|Any CPU.Build.0 = Release|Any CPU
		{79690E0B-BB7A-46C0-ADFF-CEFA54B17847}.Debug|Any CPU.ActiveCfg = Debug|Any CPU
		{79690E0B-BB7A-46C0-ADFF-CEFA54B17847}.Debug|Any CPU.Build.0 = Debug|Any CPU
		{79690E0B-BB7A-46C0-ADFF-CEFA54B17847}.Release|Any CPU.ActiveCfg = Release|Any CPU
		{79690E0B-BB7A-46C0-ADFF-CEFA54B17847}.Release|Any CPU.Build.0 = Release|Any CPU
		{0B9086BC-94A9-4865-B2C6-7875E89BB8D1}.Debug|Any CPU.ActiveCfg = Debug|Any CPU
		{0B9086BC-94A9-4865-B2C6-7875E89BB8D1}.Debug|Any CPU.Build.0 = Debug|Any CPU
		{0B9086BC-94A9-4865-B2C6-7875E89BB8D1}.Release|Any CPU.ActiveCfg = Release|Any CPU
		{0B9086BC-94A9-4865-B2C6-7875E89BB8D1}.Release|Any CPU.Build.0 = Release|Any CPU
		{F386A26B-A7D7-447B-842D-C93FA36BF6C8}.Debug|Any CPU.ActiveCfg = Debug|Any CPU
		{F386A26B-A7D7-447B-842D-C93FA36BF6C8}.Debug|Any CPU.Build.0 = Debug|Any CPU
		{F386A26B-A7D7-447B-842D-C93FA36BF6C8}.Release|Any CPU.ActiveCfg = Release|Any CPU
		{F386A26B-A7D7-447B-842D-C93FA36BF6C8}.Release|Any CPU.Build.0 = Release|Any CPU
	EndGlobalSection
	GlobalSection(SolutionProperties) = preSolution
		HideSolutionNode = FALSE
	EndGlobalSection
	GlobalSection(NestedProjects) = preSolution
		{F0D119B8-D1F7-47A5-8C3D-F6E0126E8C67} = {4A3A8ACF-B42C-4A71-8166-047D6C06F3DA}
		{C3354297-7B72-422D-B411-5F4AC51C2214} = {543718BB-26E8-4D20-9099-B57E0D6C97A0}
		{DEB0BDD0-4080-4FE2-AE21-D067309B8ACA} = {DD28BE1F-AA65-4297-8FBF-0532A6A565C7}
		{2974C7B3-E45A-48CA-85E1-4788F72E4947} = {93345C66-2838-4990-BE28-3465AD492ADE}
		{43188044-FD55-4440-B872-92D05FCC5A26} = {93345C66-2838-4990-BE28-3465AD492ADE}
		{5616D998-34C7-47E1-BAC1-37A509735DF1} = {93345C66-2838-4990-BE28-3465AD492ADE}
		{6B2A2985-2290-4E7C-9CBB-CD96C266552D} = {93345C66-2838-4990-BE28-3465AD492ADE}
		{F3222E2F-688F-4713-B8C6-151CA58BAC65} = {E896FE74-C0C4-49F3-A952-9C00950788F9}
		{D14B54D4-857C-444B-B6A6-E12B10855990} = {E896FE74-C0C4-49F3-A952-9C00950788F9}
		{B54D990C-96C0-4396-BFB4-29CDA084143F} = {E896FE74-C0C4-49F3-A952-9C00950788F9}
		{2A848A39-8D1B-4524-9691-B2A26A6CF161} = {E896FE74-C0C4-49F3-A952-9C00950788F9}
		{7E21DBB0-F6D2-4B30-87C3-99A7642778F5} = {11467FBF-4ADB-4538-A15C-A4EDC484EBEE}
		{44EED2C2-9F70-4542-96DA-23C5B2247CA8} = {11467FBF-4ADB-4538-A15C-A4EDC484EBEE}
		{C7B0AF35-FCDB-49C5-AF7C-448CC55BE0E1} = {11467FBF-4ADB-4538-A15C-A4EDC484EBEE}
		{8129F5DF-57B5-4D6E-A229-31303B9D2D68} = {11467FBF-4ADB-4538-A15C-A4EDC484EBEE}
		{C4FCFE56-B67D-45A1-BCC6-9D3FD4632F8E} = {FD11F66F-E3F0-43FD-9B37-FE350EEA9101}
		{35AD1585-1C74-4353-9E7F-9356B5D1EEE3} = {FD11F66F-E3F0-43FD-9B37-FE350EEA9101}
		{B4EDA82D-5B55-4340-9BEE-B0FD00641C3C} = {FD11F66F-E3F0-43FD-9B37-FE350EEA9101}
		{449D76D4-DE9B-46C2-8637-0C3F78B8DBE3} = {FD11F66F-E3F0-43FD-9B37-FE350EEA9101}
		{A2ED5F7E-9B28-4CAD-8056-C1C4B4FCD71E} = {E438BCC7-49E1-47CB-AC7E-FEEA8DBCE9CE}
		{79690E0B-BB7A-46C0-ADFF-CEFA54B17847} = {E438BCC7-49E1-47CB-AC7E-FEEA8DBCE9CE}
		{0B9086BC-94A9-4865-B2C6-7875E89BB8D1} = {E438BCC7-49E1-47CB-AC7E-FEEA8DBCE9CE}
		{F386A26B-A7D7-447B-842D-C93FA36BF6C8} = {E438BCC7-49E1-47CB-AC7E-FEEA8DBCE9CE}
	EndGlobalSection
	GlobalSection(ExtensibilityGlobals) = postSolution
		SolutionGuid = {AA24682A-8537-4841-B2CC-4982FB0D9B01}
	EndGlobalSection
EndGlobal
